{
  "nodes": {
    "base16": {
      "inputs": {
        "nixpkgs": [
          "unstable"
        ]
      },
      "locked": {
        "lastModified": 1643595475,
        "narHash": "sha256-jWCp0r5BC7U3rKy7RmL6YPhtUrQmfsZoFH5+xb+wDZ8=",
        "owner": "shaunsingh",
        "repo": "base16.nix",
        "rev": "3d21c5c21cc2de27b0f29d6d5aa2693505508d9e",
        "type": "github"
      },
      "original": {
        "owner": "shaunsingh",
        "repo": "base16.nix",
        "type": "github"
      }
    },
    "base16-carbon-dark": {
      "flake": false,
      "locked": {
        "lastModified": 1643512739,
        "narHash": "sha256-a2rUJOAKNvTj/0ZxlImjlssDmNlRlBKQUGxGxRVnt98=",
        "owner": "shaunsingh",
        "repo": "base16-carbon-dark",
        "rev": "37e7230169abbcd6cf2f53b0d6b1840f2c95cb08",
        "type": "github"
      },
      "original": {
        "owner": "shaunsingh",
        "repo": "base16-carbon-dark",
        "type": "github"
      }
    },
    "cachix": {
      "locked": {
        "lastModified": 1642244250,
        "narHash": "sha256-vWpUEqQdVP4srj+/YLJRTN9vjpTs4je0cdWKXPbDItc=",
        "owner": "nixos",
        "repo": "nixpkgs",
        "rev": "0fd9ee1aa36ce865ad273f4f07fdc093adeb5c00",
        "type": "github"
      },
      "original": {
        "owner": "nixos",
        "ref": "nixos-21.05",
        "repo": "nixpkgs",
        "type": "github"
      }
    },
    "darwin": {
      "inputs": {
        "nixpkgs": [
          "unstable"
        ]
      },
      "locked": {
        "lastModified": 1642495030,
        "narHash": "sha256-u1ZlFbLWzkM6zOfuZ1tr0tzTuDWucOYwALPWDWLorkE=",
        "owner": "LnL7",
        "repo": "nix-darwin",
        "rev": "bcdb6022b3a300abf59cb5d0106c158940f5120e",
        "type": "github"
      },
      "original": {
        "owner": "LnL7",
        "repo": "nix-darwin",
        "type": "github"
      }
    },
    "doom-emacs": {
      "flake": false,
      "locked": {
        "lastModified": 1643588351,
        "narHash": "sha256-F+QCBONlbdYE8Mcdrj5frStNfOPZ5zsf965R1zY1Bzk=",
        "owner": "hlissner",
        "repo": "doom-emacs",
        "rev": "6a038068d2c5a2c37ff1dfb2ff5f36c7b98f1703",
        "type": "github"
      },
      "original": {
        "owner": "hlissner",
        "repo": "doom-emacs",
        "type": "github"
      }
    },
    "emacs-overlay": {
      "locked": {
        "lastModified": 1643566962,
        "narHash": "sha256-m5kp5dhyC+DDcb8uWsE1lbuHcc4zKetelp7go2OAPM4=",
        "owner": "nix-community",
        "repo": "emacs-overlay",
        "rev": "3dc758e921fa693abce1fe1cd5f28e0381eec83b",
        "type": "github"
      },
      "original": {
        "owner": "nix-community",
        "repo": "emacs-overlay",
        "type": "github"
      }
    },
    "emacs-src": {
      "flake": false,
      "locked": {
        "lastModified": 1643560810,
        "narHash": "sha256-8gGP8CJ57nRn1mduvJ9zMohQ5++Rd1reuQxVbrxnY58=",
        "owner": "emacs-mirror",
        "repo": "emacs",
        "rev": "58bb9eb4005599155a8fce8d5c5beb531a72c534",
        "type": "github"
      },
      "original": {
        "owner": "emacs-mirror",
        "repo": "emacs",
        "type": "github"
      }
    },
    "emacs-vterm-src": {
      "flake": false,
      "locked": {
        "lastModified": 1640506671,
        "narHash": "sha256-uSzIDmRNk7u5VtCXYu+JVN7Gzkc65axCiK0Jq0X6MWQ=",
        "owner": "akermu",
        "repo": "emacs-libvterm",
        "rev": "a940dd2ee8a82684860e320c0f6d5e15d31d916f",
        "type": "github"
      },
      "original": {
        "owner": "akermu",
        "repo": "emacs-libvterm",
        "type": "github"
      }
    },
    "flake-compat": {
      "flake": false,
      "locked": {
        "lastModified": 1641205782,
        "narHash": "sha256-4jY7RCWUoZ9cKD8co0/4tFARpWB+57+r1bLLvXNJliY=",
        "owner": "edolstra",
        "repo": "flake-compat",
        "rev": "b7547d3eed6f32d06102ead8991ec52ab0a4f1a7",
        "type": "github"
      },
      "original": {
        "owner": "edolstra",
        "repo": "flake-compat",
        "type": "github"
      }
    },
    "flake-utils": {
      "locked": {
        "lastModified": 1629481132,
        "narHash": "sha256-JHgasjPR0/J1J3DRm4KxM4zTyAj4IOJY8vIl75v/kPI=",
        "owner": "numtide",
        "repo": "flake-utils",
        "rev": "997f7efcb746a9c140ce1f13c72263189225f482",
        "type": "github"
      },
      "original": {
        "owner": "numtide",
        "repo": "flake-utils",
        "type": "github"
      }
    },
    "home-manager": {
      "inputs": {
        "nixpkgs": [
          "unstable"
        ]
      },
      "locked": {
        "lastModified": 1643567433,
        "narHash": "sha256-tyFgodcZRlt0ZshbgyLf4m/Sd/ys9p0AHfeVZQ50WKU=",
        "owner": "nix-community",
        "repo": "home-manager",
        "rev": "95d39e13a4a7a818c87f2701b59820d3ac0e674c",
        "type": "github"
      },
      "original": {
        "owner": "nix-community",
        "repo": "home-manager",
        "type": "github"
      }
    },
    "neovim-flake": {
      "inputs": {
        "flake-utils": "flake-utils",
        "nixpkgs": "nixpkgs"
      },
      "locked": {
        "dir": "contrib",
        "lastModified": 1643521936,
        "narHash": "sha256-qXtpIBP8wcUIAywqHehlxpaZnwG7spFsb36kDYQXCKQ=",
        "owner": "neovim",
        "repo": "neovim",
        "rev": "9aaf7a2b4dfe9d3f9a1861e7ca85b6bbd4e34e05",
        "type": "github"
      },
      "original": {
        "dir": "contrib",
        "owner": "neovim",
        "repo": "neovim",
        "type": "github"
      }
    },
    "neovim-overlay": {
      "inputs": {
        "flake-compat": "flake-compat",
        "neovim-flake": "neovim-flake",
        "nixpkgs": [
          "unstable"
        ]
      },
      "locked": {
        "lastModified": 1643530359,
        "narHash": "sha256-RdCG+OXV3j57BFTyJSXy/Ko1LAM571JV9DiAtIdo0HM=",
        "owner": "nix-community",
        "repo": "neovim-nightly-overlay",
        "rev": "e2eaf9379b15c9ee017b0505e9282204b2f29f80",
        "type": "github"
      },
      "original": {
        "owner": "nix-community",
        "repo": "neovim-nightly-overlay",
        "type": "github"
      }
    },
    "nixos-hardware": {
      "locked": {
        "lastModified": 1641965797,
        "narHash": "sha256-AfxfIzAZbt9aAzpVBn0Bwhd/M4Wix7G91kEjm9H6FPo=",
        "owner": "NixOS",
        "repo": "nixos-hardware",
        "rev": "87a35a0d58f546dc23f37b4f6af575d0e4be6a7a",
        "type": "github"
      },
      "original": {
        "owner": "NixOS",
        "ref": "master",
        "repo": "nixos-hardware",
        "type": "github"
      }
    },
    "nixpkgs": {
      "locked": {
        "lastModified": 1643347846,
        "narHash": "sha256-O0tyXF//ppRpe9yT1Uu5n34yI2MWDyY6ZiJ4Qn5zIkE=",
        "owner": "nixos",
        "repo": "nixpkgs",
        "rev": "5bb20f9dc70e9ee16e21cc404b6508654931ce41",
        "type": "github"
      },
      "original": {
        "owner": "nixos",
        "ref": "nixos-unstable",
        "repo": "nixpkgs",
        "type": "github"
      }
    },
    "nixpkgs-wayland": {
      "inputs": {
        "cachix": "cachix",
        "nixpkgs": [
          "unstable"
        ]
      },
      "locked": {
        "lastModified": 1643468877,
        "narHash": "sha256-qjPCoen3+3ysP1R0AreGEdPTOS2Z4F9Wk05b/lVSK5Y=",
        "owner": "nix-community",
        "repo": "nixpkgs-wayland",
        "rev": "1be0382761e59978d46c4a2a6fed0193f474751f",
        "type": "github"
      },
      "original": {
        "owner": "nix-community",
        "repo": "nixpkgs-wayland",
        "type": "github"
      }
    },
    "nixpkgs_2": {
      "locked": {
        "lastModified": 1643381941,
        "narHash": "sha256-pHTwvnN4tTsEKkWlXQ8JMY423epos8wUOhthpwJjtpc=",
        "owner": "NixOS",
        "repo": "nixpkgs",
        "rev": "5efc8ca954272c4376ac929f4c5ffefcc20551d5",
        "type": "github"
      },
      "original": {
        "id": "nixpkgs",
        "type": "indirect"
      }
    },
    "nur": {
      "locked": {
        "lastModified": 1643580149,
        "narHash": "sha256-n/t4eHNsbysP5EEByBjhIrFdqCxgHvy1iteuNJrSQ9w=",
        "owner": "nix-community",
        "repo": "NUR",
        "rev": "24e7abafd33463480c276edb17f0c9de3b130dcc",
        "type": "github"
      },
      "original": {
        "owner": "nix-community",
        "repo": "NUR",
        "type": "github"
      }
    },
    "root": {
      "inputs": {
        "base16": "base16",
        "base16-carbon-dark": "base16-carbon-dark",
        "darwin": "darwin",
        "doom-emacs": "doom-emacs",
        "emacs-overlay": "emacs-overlay",
        "emacs-src": "emacs-src",
        "emacs-vterm-src": "emacs-vterm-src",
        "home-manager": "home-manager",
        "neovim-overlay": "neovim-overlay",
        "nixos-hardware": "nixos-hardware",
        "nixpkgs": "nixpkgs_2",
        "nixpkgs-wayland": "nixpkgs-wayland",
        "nur": "nur",
        "spacebar": "spacebar",
        "sway-borders-src": "sway-borders-src",
        "unstable": "unstable",
        "yabai-src": "yabai-src"
      }
    },
    "spacebar": {
      "inputs": {
        "nixpkgs": [
          "unstable"
        ]
      },
      "locked": {
        "lastModified": 1639952514,
        "narHash": "sha256-/uJiVl9oQwrquXG1EePV/FmNhs4o3mOAGhrcSPEbdKE=",
        "owner": "shaunsingh",
        "repo": "spacebar",
        "rev": "fae55fce78f6130bf4d766eae09ae838447c60b4",
        "type": "github"
      },
      "original": {
        "owner": "shaunsingh",
        "repo": "spacebar",
        "type": "github"
      }
    },
    "sway-borders-src": {
      "flake": false,
      "locked": {
        "lastModified": 1640037473,
        "narHash": "sha256-gCdnim7excF11GEoni5YbIGTWSIx+wjHc8NO8lVNFts=",
        "owner": "fluix-dev",
        "repo": "sway-borders",
        "rev": "5f4162f449b19f6d198b365fc6d3dd0febc065e2",
        "type": "github"
      },
      "original": {
        "owner": "fluix-dev",
        "repo": "sway-borders",
        "type": "github"
      }
    },
    "unstable": {
      "locked": {
        "lastModified": 1643594886,
        "narHash": "sha256-zBkAZDobDo6cd4BrPIV5Y4mgfzb9s8TN2oU0gnconYI=",
        "owner": "nixos",
        "repo": "nixpkgs",
        "rev": "8b01281b66cba818abea8dbbdb3614b1b38961e3",
        "type": "github"
      },
      "original": {
        "owner": "nixos",
        "ref": "master",
        "repo": "nixpkgs",
        "type": "github"
      }
    },
    "yabai-src": {
      "flake": false,
      "locked": {
        "lastModified": 1643568897,
        "narHash": "sha256-RFEuVIMP9+HXnkSPRobCATzg9fsu48zoAFq7AqodLaQ=",
        "owner": "koekeishiya",
        "repo": "yabai",
        "rev": "916d9133f9d13fb38678baa3d0adf3cfb9dff003",
        "type": "github"
      },
      "original": {
        "owner": "koekeishiya",
        "repo": "yabai",
        "type": "github"
      }
    }
  },
  "root": "root",
  "version": 7
}
