{
  "nodes": {
    "flake-utils": {
      "locked": {
        "lastModified": 1634851050,
        "narHash": "sha256-N83GlSGPJJdcqhUxSCS/WwW5pksYf3VP1M13cDRTSVA=",
        "owner": "numtide",
        "repo": "flake-utils",
        "rev": "c91f3de5adaf1de973b797ef7485e441a65b8935",
        "type": "github"
      },
      "original": {
        "owner": "numtide",
        "repo": "flake-utils",
        "type": "github"
      }
    },
    "flake-utils_2": {
      "locked": {
        "lastModified": 1623875721,
        "narHash": "sha256-A8BU7bjS5GirpAUv4QA+QnJ4CceLHkcXdRp4xITDB0s=",
        "owner": "numtide",
        "repo": "flake-utils",
        "rev": "f7e004a55b120c02ecb6219596820fcd32ca8772",
        "type": "github"
      },
      "original": {
        "owner": "numtide",
        "repo": "flake-utils",
        "type": "github"
      }
    },
    "neovide-src": {
      "flake": false,
      "locked": {
        "lastModified": 1636595332,
        "narHash": "sha256-9sefEjjbpf9XUWnp5fqcDfw/J9mNYB4+kR8i8aV16TE=",
        "owner": "neovide",
        "repo": "neovide",
        "rev": "2689bccbb947c7d098f5e8843b26401ee4672168",
        "type": "github"
      },
      "original": {
        "owner": "neovide",
        "repo": "neovide",
        "type": "github"
      }
    },
    "nixpkgs": {
      "locked": {
        "lastModified": 1636645118,
        "narHash": "sha256-L8HYr0TF7no6l3XednVXqgVMYkkt1jijT/zlGz9FauQ=",
        "owner": "nixos",
        "repo": "nixpkgs",
        "rev": "72eda5248a71641b552ca8bed598c2f5df2ef67f",
        "type": "github"
      },
      "original": {
        "owner": "nixos",
        "ref": "master",
        "repo": "nixpkgs",
        "type": "github"
      }
    },
    "root": {
      "inputs": {
        "flake-utils": "flake-utils",
        "neovide-src": "neovide-src",
        "nixpkgs": "nixpkgs",
        "rust-nightly": "rust-nightly",
        "yabai-src": "yabai-src"
      }
    },
    "rust-nightly": {
      "inputs": {
        "flake-utils": "flake-utils_2",
        "nixpkgs": [
          "nixpkgs"
        ]
      },
      "locked": {
        "lastModified": 1636683315,
        "narHash": "sha256-udsMHw5gzZPvvFIhopoGicLK/LaYyDN3iAa1PEpP7uM=",
        "owner": "oxalica",
        "repo": "rust-overlay",
        "rev": "e87b7ea329fc78c5e5775c983193f630458c317f",
        "type": "github"
      },
      "original": {
        "owner": "oxalica",
        "repo": "rust-overlay",
        "type": "github"
      }
    },
    "yabai-src": {
      "flake": false,
      "locked": {
        "lastModified": 1636487645,
        "narHash": "sha256-XF0wDyLcCniTcZLPxC17XVUbdntP3xKBo3OzSefURiQ=",
        "owner": "donaldguy",
        "repo": "yabai",
        "rev": "866869158f853995c5c42c78f1e40b46e66dc700",
        "type": "github"
      },
      "original": {
        "owner": "donaldguy",
        "ref": "canon",
        "repo": "yabai",
        "type": "github"
      }
    }
  },
  "root": "root",
  "version": 7
}
